schema: '2.0'
stages:
  data_ingestion:
    cmd: python src/deepClassifier/pipeline/stage_01_data_ingestion.py
    deps:
    - path: configs/config.yaml
      md5: 57bc8b02ce1a5ae6bfa77106835351af
      size: 823
    - path: src/deepClassifier/pipeline/stage_01_data_ingestion.py
      md5: f172a70cf599c77bbef01c290e2c9f6c
      size: 717
    outs:
    - path: artifacts/data_ingestion/PetImages
      md5: 3a5cf86541f22c236620ce5b952ad684.dir
      size: 848866410
      nfiles: 24998
  prepare_base_model:
    cmd: python src/deepClassifier/pipeline/stage_02_prepare_base_model.py
    deps:
    - path: configs/config.yaml
      md5: 57bc8b02ce1a5ae6bfa77106835351af
      size: 823
    - path: src/deepClassifier/pipeline/stage_02_prepare_base_model.py
      md5: 83d69227136b7cc0a14e1dd79a337d1e
      size: 754
    params:
      params.yaml:
        CLASSES: 2
        IMAGE_SIZE:
        - 224
        - 224
        - 3
        INCLUDE_TOP: false
        LEARNING_RATE: 0.01
        WEIGHTS: imagenet
    outs:
    - path: artifacts/prepare_base_model/base_model.h5
      md5: 7cdfab03f7539cf0f4ac2521153e7aa3
      size: 58920408
    - path: artifacts/prepare_base_model/base_model_updated.h5
      md5: 11c50126e490cfca016c3d95f68e687a
      size: 59132960
  train_model:
    cmd: python src/deepClassifier/pipeline/stage_03_training.py
    deps:
    - path: artifacts/data_ingestion/PetImages
      md5: 3a5cf86541f22c236620ce5b952ad684.dir
      size: 848866410
      nfiles: 24998
    - path: artifacts/prepare_base_model/base_model.h5
      md5: 7cdfab03f7539cf0f4ac2521153e7aa3
      size: 58920408
    - path: params.yaml
      md5: 59cdcd18b574067f4e1b8c350e583c67
      size: 144
    - path: src/deepClassifier/components/prepare_callbacks.py
      md5: 330ee6ce102af6a31e7c263eef58f3de
      size: 931
    - path: src/deepClassifier/pipeline/stage_03_training.py
      md5: 1e8b581a108aaa7526d3a8dd3366c93f
      size: 963
    params:
      params.yaml:
        AUGMENTATION: true
        BATCH_SIZE: 16
        EPOCHS: 1
        IMAGE_SIZE:
        - 224
        - 224
        - 3
    outs:
    - path: artifacts/training/model.h5
      md5: 552d93204d7a58a94ccd777150afc114
      size: 59135136
